
Microsoft Visual Studio Solution File, Format Version 12.00
# Visual Studio Version 17
VisualStudioVersion = 17.11.35327.3
MinimumVisualStudioVersion = 10.0.40219.1
Project("{FAE04EC0-301F-11D3-BF4B-00C04F79EFBC}") = "MvcStok", "MvcStok\MvcStok.csproj", "{24874EDC-41EA-4285-BB8D-0351DFC1DBA2}"
EndProject
Global
	GlobalSection(SolutionConfigurationPlatforms) = preSolution
		Debug|Any CPU = Debug|Any CPU
		Release|Any CPU = Release|Any CPU
	EndGlobalSection
	GlobalSection(ProjectConfigurationPlatforms) = postSolution
		{24874EDC-41EA-4285-BB8D-0351DFC1DBA2}.Debug|Any CPU.ActiveCfg = Debug|Any CPU
		{24874EDC-41EA-4285-BB8D-0351DFC1DBA2}.Debug|Any CPU.Build.0 = Debug|Any CPU
		{24874EDC-41EA-4285-BB8D-0351DFC1DBA2}.Release|Any CPU.ActiveCfg = Release|Any CPU
		{24874EDC-41EA-4285-BB8D-0351DFC1DBA2}.Release|Any CPU.Build.0 = Release|Any CPU
	EndGlobalSection
	GlobalSection(SolutionProperties) = preSolution
		HideSolutionNode = FALSE
	EndGlobalSection
	GlobalSection(ExtensibilityGlobals) = postSolution
		SolutionGuid = {2A3EB3EA-0582-4F2B-9657-7E500CF0A65E}
	EndGlobalSection
EndGlobal
